{
  "name": "datetime-example",
  "version": "1.0.0",
  "lockfileVersion": 1,
  "requires": true,
  "dependencies": {
    "datetimez": {
      "version": "1.0.13",
      "resolved": "https://registry.npmjs.org/datetimez/-/datetimez-1.0.13.tgz",
      "integrity": "sha512-vG7JOUksXxPJmOxwrMRHdSBEJOkjlxnWJs9c7EegbhGUd698ZQMcApaPiOENHiHug0YkLUPFhLW2HJAkx7d7qA=="
    }
  }
}
